
Microsoft Visual Studio Solution File, Format Version 12.00
# Visual Studio 14
VisualStudioVersion = 14.0.25420.1
MinimumVisualStudioVersion = 10.0.40219.1
Project("{FAE04EC0-301F-11D3-BF4B-00C04F79EFBC}") = "OOP_Skills_Demo_2", "OOP_Skills_Demo_2\OOP_Skills_Demo_2.csproj", "{ABD383AE-8942-40D5-871F-A98F9F3620BD}"
EndProject
Global
	GlobalSection(SolutionConfigurationPlatforms) = preSolution
		Debug|Any CPU = Debug|Any CPU
		Release|Any CPU = Release|Any CPU
	EndGlobalSection
	GlobalSection(ProjectConfigurationPlatforms) = postSolution
		{ABD383AE-8942-40D5-871F-A98F9F3620BD}.Debug|Any CPU.ActiveCfg = Debug|Any CPU
		{ABD383AE-8942-40D5-871F-A98F9F3620BD}.Debug|Any CPU.Build.0 = Debug|Any CPU
		{ABD383AE-8942-40D5-871F-A98F9F3620BD}.Release|Any CPU.ActiveCfg = Release|Any CPU
		{ABD383AE-8942-40D5-871F-A98F9F3620BD}.Release|Any CPU.Build.0 = Release|Any CPU
	EndGlobalSection
	GlobalSection(SolutionProperties) = preSolution
		HideSolutionNode = FALSE
	EndGlobalSection
EndGlobal
